// !$*UTF8*$!
{
	archiveVersion = 1;
	classes = {
	};
	objectVersion = 46;
	objects = {

/* Begin PBXBuildFile section */
		3654C4371CF7378C0044B61F /* Track+CoreDataProperties.swift in Sources */ = {isa = PBXBuildFile; fileRef = 3654C4351CF7378C0044B61F /* Track+CoreDataProperties.swift */; };
		3654C4381CF7378C0044B61F /* Track.swift in Sources */ = {isa = PBXBuildFile; fileRef = 3654C4361CF7378C0044B61F /* Track.swift */; };
		3682C2D01CE8BF3700000AA6 /* AppDelegate.swift in Sources */ = {isa = PBXBuildFile; fileRef = 3682C2CF1CE8BF3700000AA6 /* AppDelegate.swift */; };
		3682C2D51CE8BF3700000AA6 /* Main.storyboard in Resources */ = {isa = PBXBuildFile; fileRef = 3682C2D31CE8BF3700000AA6 /* Main.storyboard */; };
		3682C2D81CE8BF3700000AA6 /* Swift_GenresMusicCoreData.xcdatamodeld in Sources */ = {isa = PBXBuildFile; fileRef = 3682C2D61CE8BF3700000AA6 /* Swift_GenresMusicCoreData.xcdatamodeld */; };
		3682C2DA1CE8BF3700000AA6 /* Assets.xcassets in Resources */ = {isa = PBXBuildFile; fileRef = 3682C2D91CE8BF3700000AA6 /* Assets.xcassets */; };
		3682C2DD1CE8BF3700000AA6 /* LaunchScreen.storyboard in Resources */ = {isa = PBXBuildFile; fileRef = 3682C2DB1CE8BF3700000AA6 /* LaunchScreen.storyboard */; };
		3682C2E81CE8C01500000AA6 /* GenresViewController.swift in Sources */ = {isa = PBXBuildFile; fileRef = 3682C2E71CE8C01500000AA6 /* GenresViewController.swift */; };
		3682C2EA1CE8C02C00000AA6 /* SongsViewController.swift in Sources */ = {isa = PBXBuildFile; fileRef = 3682C2E91CE8C02C00000AA6 /* SongsViewController.swift */; };
		3682C2F21CE8C0D100000AA6 /* TrackTableViewCell.swift in Sources */ = {isa = PBXBuildFile; fileRef = 3682C2F01CE8C0D100000AA6 /* TrackTableViewCell.swift */; };
		3682C2F31CE8C0D100000AA6 /* TrackTableViewCell.xib in Resources */ = {isa = PBXBuildFile; fileRef = 3682C2F11CE8C0D100000AA6 /* TrackTableViewCell.xib */; };
		3682C3011CE8C11500000AA6 /* addGenres@2x.png in Resources */ = {isa = PBXBuildFile; fileRef = 3682C2F51CE8C11500000AA6 /* addGenres@2x.png */; };
		3682C3021CE8C11500000AA6 /* addToSong@2x.png in Resources */ = {isa = PBXBuildFile; fileRef = 3682C2F61CE8C11500000AA6 /* addToSong@2x.png */; };
		3682C3031CE8C11500000AA6 /* icon_artwork_default.png in Resources */ = {isa = PBXBuildFile; fileRef = 3682C2F71CE8C11500000AA6 /* icon_artwork_default.png */; };
		3682C3041CE8C11500000AA6 /* icon_artwork_default@2x.png in Resources */ = {isa = PBXBuildFile; fileRef = 3682C2F81CE8C11500000AA6 /* icon_artwork_default@2x.png */; };
		3682C3051CE8C11500000AA6 /* icon_artwork_default@3x.png in Resources */ = {isa = PBXBuildFile; fileRef = 3682C2F91CE8C11500000AA6 /* icon_artwork_default@3x.png */; };
		3682C3061CE8C11500000AA6 /* icon_tab_download.png in Resources */ = {isa = PBXBuildFile; fileRef = 3682C2FA1CE8C11500000AA6 /* icon_tab_download.png */; };
		3682C3071CE8C11500000AA6 /* icon_tab_download@2x.png in Resources */ = {isa = PBXBuildFile; fileRef = 3682C2FB1CE8C11500000AA6 /* icon_tab_download@2x.png */; };
		3682C3081CE8C11500000AA6 /* icon_tab_download@3x.png in Resources */ = {isa = PBXBuildFile; fileRef = 3682C2FC1CE8C11500000AA6 /* icon_tab_download@3x.png */; };
		3682C3091CE8C11500000AA6 /* icon_tab_genres.png in Resources */ = {isa = PBXBuildFile; fileRef = 3682C2FD1CE8C11500000AA6 /* icon_tab_genres.png */; };
		3682C30A1CE8C11500000AA6 /* icon_tab_genres@2x.png in Resources */ = {isa = PBXBuildFile; fileRef = 3682C2FE1CE8C11500000AA6 /* icon_tab_genres@2x.png */; };
		3682C30B1CE8C11500000AA6 /* icon_tab_genres@3x.png in Resources */ = {isa = PBXBuildFile; fileRef = 3682C2FF1CE8C11500000AA6 /* icon_tab_genres@3x.png */; };
		3682C30C1CE8C11500000AA6 /* moveToGenres@2x.png in Resources */ = {isa = PBXBuildFile; fileRef = 3682C3001CE8C11500000AA6 /* moveToGenres@2x.png */; };
		368F48141CF5EA1C00D31D27 /* DatabaseManager.swift in Sources */ = {isa = PBXBuildFile; fileRef = 368F48131CF5EA1C00D31D27 /* DatabaseManager.swift */; };
/* End PBXBuildFile section */

/* Begin PBXFileReference section */
		3654C4351CF7378C0044B61F /* Track+CoreDataProperties.swift */ = {isa = PBXFileReference; fileEncoding = 4; lastKnownFileType = sourcecode.swift; name = "Track+CoreDataProperties.swift"; path = "Swift_GenresMusicCoreData/Database/Track+CoreDataProperties.swift"; sourceTree = "<group>"; };
		3654C4361CF7378C0044B61F /* Track.swift */ = {isa = PBXFileReference; fileEncoding = 4; lastKnownFileType = sourcecode.swift; name = Track.swift; path = Swift_GenresMusicCoreData/Database/Track.swift; sourceTree = "<group>"; };
		3682C2CC1CE8BF3700000AA6 /* Swift_GenresMusicCoreData.app */ = {isa = PBXFileReference; explicitFileType = wrapper.application; includeInIndex = 0; path = Swift_GenresMusicCoreData.app; sourceTree = BUILT_PRODUCTS_DIR; };
		3682C2CF1CE8BF3700000AA6 /* AppDelegate.swift */ = {isa = PBXFileReference; lastKnownFileType = sourcecode.swift; path = AppDelegate.swift; sourceTree = "<group>"; };
		3682C2D41CE8BF3700000AA6 /* Base */ = {isa = PBXFileReference; lastKnownFileType = file.storyboard; name = Base; path = Base.lproj/Main.storyboard; sourceTree = "<group>"; };
		3682C2D71CE8BF3700000AA6 /* Swift_GenresMusicCoreData.xcdatamodel */ = {isa = PBXFileReference; lastKnownFileType = wrapper.xcdatamodel; path = Swift_GenresMusicCoreData.xcdatamodel; sourceTree = "<group>"; };
		3682C2D91CE8BF3700000AA6 /* Assets.xcassets */ = {isa = PBXFileReference; lastKnownFileType = folder.assetcatalog; path = Assets.xcassets; sourceTree = "<group>"; };
		3682C2DC1CE8BF3700000AA6 /* Base */ = {isa = PBXFileReference; lastKnownFileType = file.storyboard; name = Base; path = Base.lproj/LaunchScreen.storyboard; sourceTree = "<group>"; };
		3682C2DE1CE8BF3700000AA6 /* Info.plist */ = {isa = PBXFileReference; lastKnownFileType = text.plist.xml; path = Info.plist; sourceTree = "<group>"; };
		3682C2E71CE8C01500000AA6 /* GenresViewController.swift */ = {isa = PBXFileReference; fileEncoding = 4; lastKnownFileType = sourcecode.swift; path = GenresViewController.swift; sourceTree = "<group>"; };
		3682C2E91CE8C02C00000AA6 /* SongsViewController.swift */ = {isa = PBXFileReference; fileEncoding = 4; lastKnownFileType = sourcecode.swift; path = SongsViewController.swift; sourceTree = "<group>"; };
		3682C2F01CE8C0D100000AA6 /* TrackTableViewCell.swift */ = {isa = PBXFileReference; fileEncoding = 4; lastKnownFileType = sourcecode.swift; path = TrackTableViewCell.swift; sourceTree = "<group>"; };
		3682C2F11CE8C0D100000AA6 /* TrackTableViewCell.xib */ = {isa = PBXFileReference; fileEncoding = 4; lastKnownFileType = file.xib; path = TrackTableViewCell.xib; sourceTree = "<group>"; };
		3682C2F51CE8C11500000AA6 /* addGenres@2x.png */ = {isa = PBXFileReference; lastKnownFileType = image.png; path = "addGenres@2x.png"; sourceTree = "<group>"; };
		3682C2F61CE8C11500000AA6 /* addToSong@2x.png */ = {isa = PBXFileReference; lastKnownFileType = image.png; path = "addToSong@2x.png"; sourceTree = "<group>"; };
		3682C2F71CE8C11500000AA6 /* icon_artwork_default.png */ = {isa = PBXFileReference; lastKnownFileType = image.png; path = icon_artwork_default.png; sourceTree = "<group>"; };
		3682C2F81CE8C11500000AA6 /* icon_artwork_default@2x.png */ = {isa = PBXFileReference; lastKnownFileType = image.png; path = "icon_artwork_default@2x.png"; sourceTree = "<group>"; };
		3682C2F91CE8C11500000AA6 /* icon_artwork_default@3x.png */ = {isa = PBXFileReference; lastKnownFileType = image.png; path = "icon_artwork_default@3x.png"; sourceTree = "<group>"; };
		3682C2FA1CE8C11500000AA6 /* icon_tab_download.png */ = {isa = PBXFileReference; lastKnownFileType = image.png; path = icon_tab_download.png; sourceTree = "<group>"; };
		3682C2FB1CE8C11500000AA6 /* icon_tab_download@2x.png */ = {isa = PBXFileReference; lastKnownFileType = image.png; path = "icon_tab_download@2x.png"; sourceTree = "<group>"; };
		3682C2FC1CE8C11500000AA6 /* icon_tab_download@3x.png */ = {isa = PBXFileReference; lastKnownFileType = image.png; path = "icon_tab_download@3x.png"; sourceTree = "<group>"; };
		3682C2FD1CE8C11500000AA6 /* icon_tab_genres.png */ = {isa = PBXFileReference; lastKnownFileType = image.png; path = icon_tab_genres.png; sourceTree = "<group>"; };
		3682C2FE1CE8C11500000AA6 /* icon_tab_genres@2x.png */ = {isa = PBXFileReference; lastKnownFileType = image.png; path = "icon_tab_genres@2x.png"; sourceTree = "<group>"; };
		3682C2FF1CE8C11500000AA6 /* icon_tab_genres@3x.png */ = {isa = PBXFileReference; lastKnownFileType = image.png; path = "icon_tab_genres@3x.png"; sourceTree = "<group>"; };
		3682C3001CE8C11500000AA6 /* moveToGenres@2x.png */ = {isa = PBXFileReference; lastKnownFileType = image.png; path = "moveToGenres@2x.png"; sourceTree = "<group>"; };
		368F48131CF5EA1C00D31D27 /* DatabaseManager.swift */ = {isa = PBXFileReference; fileEncoding = 4; lastKnownFileType = sourcecode.swift; path = DatabaseManager.swift; sourceTree = "<group>"; };
/* End PBXFileReference section */

/* Begin PBXFrameworksBuildPhase section */
		3682C2C91CE8BF3700000AA6 /* Frameworks */ = {
			isa = PBXFrameworksBuildPhase;
			buildActionMask = 2147483647;
			files = (
			);
			runOnlyForDeploymentPostprocessing = 0;
		};
/* End PBXFrameworksBuildPhase section */

/* Begin PBXGroup section */
		3682C2C31CE8BF3700000AA6 = {
			isa = PBXGroup;
			children = (
				3654C4351CF7378C0044B61F /* Track+CoreDataProperties.swift */,
				3654C4361CF7378C0044B61F /* Track.swift */,
				3682C2CE1CE8BF3700000AA6 /* Swift_GenresMusicCoreData */,
				3682C2CD1CE8BF3700000AA6 /* Products */,
			);
			sourceTree = "<group>";
		};
		3682C2CD1CE8BF3700000AA6 /* Products */ = {
			isa = PBXGroup;
			children = (
				3682C2CC1CE8BF3700000AA6 /* Swift_GenresMusicCoreData.app */,
			);
			name = Products;
			sourceTree = "<group>";
		};
		3682C2CE1CE8BF3700000AA6 /* Swift_GenresMusicCoreData */ = {
			isa = PBXGroup;
			children = (
				3682C2CF1CE8BF3700000AA6 /* AppDelegate.swift */,
				368F48121CF5EA1C00D31D27 /* Database */,
				3682C2E61CE8C01500000AA6 /* Controller */,
				3682C2EF1CE8C09D00000AA6 /* View */,
				3682C2D31CE8BF3700000AA6 /* Main.storyboard */,
				3682C2F41CE8C0FC00000AA6 /* Resources */,
				3682C2D91CE8BF3700000AA6 /* Assets.xcassets */,
				3682C2DB1CE8BF3700000AA6 /* LaunchScreen.storyboard */,
				3682C2DE1CE8BF3700000AA6 /* Info.plist */,
				3682C2D61CE8BF3700000AA6 /* Swift_GenresMusicCoreData.xcdatamodeld */,
			);
			path = Swift_GenresMusicCoreData;
			sourceTree = "<group>";
		};
		3682C2E61CE8C01500000AA6 /* Controller */ = {
			isa = PBXGroup;
			children = (
				3682C2E71CE8C01500000AA6 /* GenresViewController.swift */,
				3682C2E91CE8C02C00000AA6 /* SongsViewController.swift */,
			);
			path = Controller;
			sourceTree = "<group>";
		};
		3682C2EF1CE8C09D00000AA6 /* View */ = {
			isa = PBXGroup;
			children = (
				3682C2F01CE8C0D100000AA6 /* TrackTableViewCell.swift */,
				3682C2F11CE8C0D100000AA6 /* TrackTableViewCell.xib */,
			);
			path = View;
			sourceTree = "<group>";
		};
		3682C2F41CE8C0FC00000AA6 /* Resources */ = {
			isa = PBXGroup;
			children = (
				3682C2F51CE8C11500000AA6 /* addGenres@2x.png */,
				3682C2F61CE8C11500000AA6 /* addToSong@2x.png */,
				3682C2F71CE8C11500000AA6 /* icon_artwork_default.png */,
				3682C2F81CE8C11500000AA6 /* icon_artwork_default@2x.png */,
				3682C2F91CE8C11500000AA6 /* icon_artwork_default@3x.png */,
				3682C2FA1CE8C11500000AA6 /* icon_tab_download.png */,
				3682C2FB1CE8C11500000AA6 /* icon_tab_download@2x.png */,
				3682C2FC1CE8C11500000AA6 /* icon_tab_download@3x.png */,
				3682C2FD1CE8C11500000AA6 /* icon_tab_genres.png */,
				3682C2FE1CE8C11500000AA6 /* icon_tab_genres@2x.png */,
				3682C2FF1CE8C11500000AA6 /* icon_tab_genres@3x.png */,
				3682C3001CE8C11500000AA6 /* moveToGenres@2x.png */,
			);
			path = Resources;
			sourceTree = "<group>";
		};
		368F48121CF5EA1C00D31D27 /* Database */ = {
			isa = PBXGroup;
			children = (
				368F48131CF5EA1C00D31D27 /* DatabaseManager.swift */,
			);
			path = Database;
			sourceTree = "<group>";
		};
/* End PBXGroup section */

/* Begin PBXNativeTarget section */
		3682C2CB1CE8BF3700000AA6 /* Swift_GenresMusicCoreData */ = {
			isa = PBXNativeTarget;
			buildConfigurationList = 3682C2E11CE8BF3700000AA6 /* Build configuration list for PBXNativeTarget "Swift_GenresMusicCoreData" */;
			buildPhases = (
				3682C2C81CE8BF3700000AA6 /* Sources */,
				3682C2C91CE8BF3700000AA6 /* Frameworks */,
				3682C2CA1CE8BF3700000AA6 /* Resources */,
			);
			buildRules = (
			);
			dependencies = (
			);
			name = Swift_GenresMusicCoreData;
			productName = Swift_GenresMusicCoreData;
			productReference = 3682C2CC1CE8BF3700000AA6 /* Swift_GenresMusicCoreData.app */;
			productType = "com.apple.product-type.application";
		};
/* End PBXNativeTarget section */

/* Begin PBXProject section */
		3682C2C41CE8BF3700000AA6 /* Project object */ = {
			isa = PBXProject;
			attributes = {
				LastSwiftUpdateCheck = 0730;
				LastUpgradeCheck = 0730;
				ORGANIZATIONNAME = "Anh Tuan";
				TargetAttributes = {
					3682C2CB1CE8BF3700000AA6 = {
						CreatedOnToolsVersion = 7.3.1;
					};
				};
			};
			buildConfigurationList = 3682C2C71CE8BF3700000AA6 /* Build configuration list for PBXProject "Swift_GenresMusicCoreData" */;
			compatibilityVersion = "Xcode 3.2";
			developmentRegion = English;
			hasScannedForEncodings = 0;
			knownRegions = (
				en,
				Base,
			);
			mainGroup = 3682C2C31CE8BF3700000AA6;
			productRefGroup = 3682C2CD1CE8BF3700000AA6 /* Products */;
			projectDirPath = "";
			projectRoot = "";
			targets = (
				3682C2CB1CE8BF3700000AA6 /* Swift_GenresMusicCoreData */,
			);
		};
/* End PBXProject section */

/* Begin PBXResourcesBuildPhase section */
		3682C2CA1CE8BF3700000AA6 /* Resources */ = {
			isa = PBXResourcesBuildPhase;
			buildActionMask = 2147483647;
			files = (
				3682C3081CE8C11500000AA6 /* icon_tab_download@3x.png in Resources */,
				3682C2DD1CE8BF3700000AA6 /* LaunchScreen.storyboard in Resources */,
				3682C2DA1CE8BF3700000AA6 /* Assets.xcassets in Resources */,
				3682C30B1CE8C11500000AA6 /* icon_tab_genres@3x.png in Resources */,
				3682C3071CE8C11500000AA6 /* icon_tab_download@2x.png in Resources */,
				3682C3091CE8C11500000AA6 /* icon_tab_genres.png in Resources */,
				3682C3021CE8C11500000AA6 /* addToSong@2x.png in Resources */,
				3682C3051CE8C11500000AA6 /* icon_artwork_default@3x.png in Resources */,
				3682C3061CE8C11500000AA6 /* icon_tab_download.png in Resources */,
				3682C2D51CE8BF3700000AA6 /* Main.storyboard in Resources */,
				3682C3011CE8C11500000AA6 /* addGenres@2x.png in Resources */,
				3682C3031CE8C11500000AA6 /* icon_artwork_default.png in Resources */,
				3682C30A1CE8C11500000AA6 /* icon_tab_genres@2x.png in Resources */,
				3682C3041CE8C11500000AA6 /* icon_artwork_default@2x.png in Resources */,
				3682C30C1CE8C11500000AA6 /* moveToGenres@2x.png in Resources */,
				3682C2F31CE8C0D100000AA6 /* TrackTableViewCell.xib in Resources */,
			);
			runOnlyForDeploymentPostprocessing = 0;
		};
/* End PBXResourcesBuildPhase section */

/* Begin PBXSourcesBuildPhase section */
		3682C2C81CE8BF3700000AA6 /* Sources */ = {
			isa = PBXSourcesBuildPhase;
			buildActionMask = 2147483647;
			files = (
				3682C2F21CE8C0D100000AA6 /* TrackTableViewCell.swift in Sources */,
				3654C4371CF7378C0044B61F /* Track+CoreDataProperties.swift in Sources */,
				3682C2E81CE8C01500000AA6 /* GenresViewController.swift in Sources */,
				3654C4381CF7378C0044B61F /* Track.swift in Sources */,
				368F48141CF5EA1C00D31D27 /* DatabaseManager.swift in Sources */,
				3682C2EA1CE8C02C00000AA6 /* SongsViewController.swift in Sources */,
				3682C2D81CE8BF3700000AA6 /* Swift_GenresMusicCoreData.xcdatamodeld in Sources */,
				3682C2D01CE8BF3700000AA6 /* AppDelegate.swift in Sources */,
			);
			runOnlyForDeploymentPostprocessing = 0;
		};
/* End PBXSourcesBuildPhase section */

/* Begin PBXVariantGroup section */
		3682C2D31CE8BF3700000AA6 /* Main.storyboard */ = {
			isa = PBXVariantGroup;
			children = (
				3682C2D41CE8BF3700000AA6 /* Base */,
			);
			name = Main.storyboard;
			sourceTree = "<group>";
		};
		3682C2DB1CE8BF3700000AA6 /* LaunchScreen.storyboard */ = {
			isa = PBXVariantGroup;
			children = (
				3682C2DC1CE8BF3700000AA6 /* Base */,
			);
			name = LaunchScreen.storyboard;
			sourceTree = "<group>";
		};
/* End PBXVariantGroup section */

/* Begin XCBuildConfiguration section */
		3682C2DF1CE8BF3700000AA6 /* Debug */ = {
			isa = XCBuildConfiguration;
			buildSettings = {
				ALWAYS_SEARCH_USER_PATHS = NO;
				CLANG_ANALYZER_NONNULL = YES;
				CLANG_CXX_LANGUAGE_STANDARD = "gnu++0x";
				CLANG_CXX_LIBRARY = "libc++";
				CLANG_ENABLE_MODULES = YES;
				CLANG_ENABLE_OBJC_ARC = YES;
				CLANG_WARN_BOOL_CONVERSION = YES;
				CLANG_WARN_CONSTANT_CONVERSION = YES;
				CLANG_WARN_DIRECT_OBJC_ISA_USAGE = YES_ERROR;
				CLANG_WARN_EMPTY_BODY = YES;
				CLANG_WARN_ENUM_CONVERSION = YES;
				CLANG_WARN_INT_CONVERSION = YES;
				CLANG_WARN_OBJC_ROOT_CLASS = YES_ERROR;
				CLANG_WARN_UNREACHABLE_CODE = YES;
				CLANG_WARN__DUPLICATE_METHOD_MATCH = YES;
				"CODE_SIGN_IDENTITY[sdk=iphoneos*]" = "iPhone Developer";
				COPY_PHASE_STRIP = NO;
				DEBUG_INFORMATION_FORMAT = dwarf;
				ENABLE_STRICT_OBJC_MSGSEND = YES;
				ENABLE_TESTABILITY = YES;
				GCC_C_LANGUAGE_STANDARD = gnu99;
				GCC_DYNAMIC_NO_PIC = NO;
				GCC_NO_COMMON_BLOCKS = YES;
				GCC_OPTIMIZATION_LEVEL = 0;
				GCC_PREPROCESSOR_DEFINITIONS = (
					"DEBUG=1",
					"$(inherited)",
				);
				GCC_WARN_64_TO_32_BIT_CONVERSION = YES;
				GCC_WARN_ABOUT_RETURN_TYPE = YES_ERROR;
				GCC_WARN_UNDECLARED_SELECTOR = YES;
				GCC_WARN_UNINITIALIZED_AUTOS = YES_AGGRESSIVE;
				GCC_WARN_UNUSED_FUNCTION = YES;
				GCC_WARN_UNUSED_VARIABLE = YES;
				IPHONEOS_DEPLOYMENT_TARGET = 9.3;
				MTL_ENABLE_DEBUG_INFO = YES;
				ONLY_ACTIVE_ARCH = YES;
				SDKROOT = iphoneos;
				SWIFT_OPTIMIZATION_LEVEL = "-Onone";
				TARGETED_DEVICE_FAMILY = "1,2";
			};
			name = Debug;
		};
		3682C2E01CE8BF3700000AA6 /* Release */ = {
			isa = XCBuildConfiguration;
			buildSettings = {
				ALWAYS_SEARCH_USER_PATHS = NO;
				CLANG_ANALYZER_NONNULL = YES;
				CLANG_CXX_LANGUAGE_STANDARD = "gnu++0x";
				CLANG_CXX_LIBRARY = "libc++";
				CLANG_ENABLE_MODULES = YES;
				CLANG_ENABLE_OBJC_ARC = YES;
				CLANG_WARN_BOOL_CONVERSION = YES;
				CLANG_WARN_CONSTANT_CONVERSION = YES;
				CLANG_WARN_DIRECT_OBJC_ISA_USAGE = YES_ERROR;
				CLANG_WARN_EMPTY_BODY = YES;
				CLANG_WARN_ENUM_CONVERSION = YES;
				CLANG_WARN_INT_CONVERSION = YES;
				CLANG_WARN_OBJC_ROOT_CLASS = YES_ERROR;
				CLANG_WARN_UNREACHABLE_CODE = YES;
				CLANG_WARN__DUPLICATE_METHOD_MATCH = YES;
				"CODE_SIGN_IDENTITY[sdk=iphoneos*]" = "iPhone Developer";
				COPY_PHASE_STRIP = NO;
				DEBUG_INFORMATION_FORMAT = "dwarf-with-dsym";
				ENABLE_NS_ASSERTIONS = NO;
				ENABLE_STRICT_OBJC_MSGSEND = YES;
				GCC_C_LANGUAGE_STANDARD = gnu99;
				GCC_NO_COMMON_BLOCKS = YES;
				GCC_WARN_64_TO_32_BIT_CONVERSION = YES;
				GCC_WARN_ABOUT_RETURN_TYPE = YES_ERROR;
				GCC_WARN_UNDECLARED_SELECTOR = YES;
				GCC_WARN_UNINITIALIZED_AUTOS = YES_AGGRESSIVE;
				GCC_WARN_UNUSED_FUNCTION = YES;
				GCC_WARN_UNUSED_VARIABLE = YES;
				IPHONEOS_DEPLOYMENT_TARGET = 9.3;
				MTL_ENABLE_DEBUG_INFO = NO;
				SDKROOT = iphoneos;
				TARGETED_DEVICE_FAMILY = "1,2";
				VALIDATE_PRODUCT = YES;
			};
			name = Release;
		};
		3682C2E21CE8BF3700000AA6 /* Debug */ = {
			isa = XCBuildConfiguration;
			buildSettings = {
				ASSETCATALOG_COMPILER_APPICON_NAME = AppIcon;
				INFOPLIST_FILE = Swift_GenresMusicCoreData/Info.plist;
				IPHONEOS_DEPLOYMENT_TARGET = 8.0;
				LD_RUNPATH_SEARCH_PATHS = "$(inherited) @executable_path/Frameworks";
				PRODUCT_BUNDLE_IDENTIFIER = "tuannva.Swift-GenresMusicCoreData";
				PRODUCT_NAME = "$(TARGET_NAME)";
			};
			name = Debug;
		};
		3682C2E31CE8BF3700000AA6 /* Release */ = {
			isa = XCBuildConfiguration;
			buildSettings = {
				ASSETCATALOG_COMPILER_APPICON_NAME = AppIcon;
				INFOPLIST_FILE = Swift_GenresMusicCoreData/Info.plist;
				IPHONEOS_DEPLOYMENT_TARGET = 8.0;
				LD_RUNPATH_SEARCH_PATHS = "$(inherited) @executable_path/Frameworks";
				PRODUCT_BUNDLE_IDENTIFIER = "tuannva.Swift-GenresMusicCoreData";
				PRODUCT_NAME = "$(TARGET_NAME)";
			};
			name = Release;
		};
/* End XCBuildConfiguration section */

/* Begin XCConfigurationList section */
		3682C2C71CE8BF3700000AA6 /* Build configuration list for PBXProject "Swift_GenresMusicCoreData" */ = {
			isa = XCConfigurationList;
			buildConfigurations = (
				3682C2DF1CE8BF3700000AA6 /* Debug */,
				3682C2E01CE8BF3700000AA6 /* Release */,
			);
			defaultConfigurationIsVisible = 0;
			defaultConfigurationName = Release;
		};
		3682C2E11CE8BF3700000AA6 /* Build configuration list for PBXNativeTarget "Swift_GenresMusicCoreData" */ = {
			isa = XCConfigurationList;
			buildConfigurations = (
				3682C2E21CE8BF3700000AA6 /* Debug */,
				3682C2E31CE8BF3700000AA6 /* Release */,
			);
			defaultConfigurationIsVisible = 0;
			defaultConfigurationName = Release;
		};
/* End XCConfigurationList section */

/* Begin XCVersionGroup section */
		3682C2D61CE8BF3700000AA6 /* Swift_GenresMusicCoreData.xcdatamodeld */ = {
			isa = XCVersionGroup;
			children = (
				3682C2D71CE8BF3700000AA6 /* Swift_GenresMusicCoreData.xcdatamodel */,
			);
			currentVersion = 3682C2D71CE8BF3700000AA6 /* Swift_GenresMusicCoreData.xcdatamodel */;
			path = Swift_GenresMusicCoreData.xcdatamodeld;
			sourceTree = "<group>";
			versionGroupType = wrapper.xcdatamodel;
		};
/* End XCVersionGroup section */
	};
	rootObject = 3682C2C41CE8BF3700000AA6 /* Project object */;
}
